
Microsoft Visual Studio Solution File, Format Version 12.00
# Visual Studio 15
VisualStudioVersion = 15.0.27004.2005
MinimumVisualStudioVersion = 10.0.40219.1
Project("{FAE04EC0-301F-11D3-BF4B-00C04F79EFBC}") = "KeepApi", "KeepApi\KeepApi.csproj", "{A6351BCC-DF01-4CBF-B300-E88043887EFC}"
EndProject
Global
	GlobalSection(SolutionConfigurationPlatforms) = preSolution
		Debug|Any CPU = Debug|Any CPU
		Release|Any CPU = Release|Any CPU
	EndGlobalSection
	GlobalSection(ProjectConfigurationPlatforms) = postSolution
		{A6351BCC-DF01-4CBF-B300-E88043887EFC}.Debug|Any CPU.ActiveCfg = Debug|Any CPU
		{A6351BCC-DF01-4CBF-B300-E88043887EFC}.Debug|Any CPU.Build.0 = Debug|Any CPU
		{A6351BCC-DF01-4CBF-B300-E88043887EFC}.Release|Any CPU.ActiveCfg = Release|Any CPU
		{A6351BCC-DF01-4CBF-B300-E88043887EFC}.Release|Any CPU.Build.0 = Release|Any CPU
	EndGlobalSection
	GlobalSection(SolutionProperties) = preSolution
		HideSolutionNode = FALSE
	EndGlobalSection
	GlobalSection(ExtensibilityGlobals) = postSolution
		SolutionGuid = {C297F3E9-910F-4C22-9F08-9B70FF93DADA}
	EndGlobalSection
EndGlobal
